
Microsoft Visual Studio Solution File, Format Version 12.00
# Visual Studio Version 16
VisualStudioVersion = 16.0.29806.167
MinimumVisualStudioVersion = 10.0.40219.1
Project("{FAE04EC0-301F-11D3-BF4B-00C04F79EFBC}") = "EFCApp", "EFCApp\EFCApp.csproj", "{89E45C73-ED4D-4CCB-B598-71BA847EC5F4}"
EndProject
Global
	GlobalSection(SolutionConfigurationPlatforms) = preSolution
		Debug|Any CPU = Debug|Any CPU
		Release|Any CPU = Release|Any CPU
	EndGlobalSection
	GlobalSection(ProjectConfigurationPlatforms) = postSolution
		{89E45C73-ED4D-4CCB-B598-71BA847EC5F4}.Debug|Any CPU.ActiveCfg = Debug|Any CPU
		{89E45C73-ED4D-4CCB-B598-71BA847EC5F4}.Debug|Any CPU.Build.0 = Debug|Any CPU
		{89E45C73-ED4D-4CCB-B598-71BA847EC5F4}.Release|Any CPU.ActiveCfg = Release|Any CPU
		{89E45C73-ED4D-4CCB-B598-71BA847EC5F4}.Release|Any CPU.Build.0 = Release|Any CPU
	EndGlobalSection
	GlobalSection(SolutionProperties) = preSolution
		HideSolutionNode = FALSE
	EndGlobalSection
	GlobalSection(ExtensibilityGlobals) = postSolution
		SolutionGuid = {9D78A89E-19D1-4617-81DC-4B23DDC8A260}
	EndGlobalSection
EndGlobal
